
Microsoft Visual Studio Solution File, Format Version 12.00
# Visual Studio Version 17
VisualStudioVersion = 17.0.32112.339
MinimumVisualStudioVersion = 10.0.40219.1
Project("{FAE04EC0-301F-11D3-BF4B-00C04F79EFBC}") = "FileService", "FileService.Core\FileService.csproj", "{AA70F829-BB1C-46B7-9927-484CB59B3380}"
EndProject
Project("{FAE04EC0-301F-11D3-BF4B-00C04F79EFBC}") = "FileService.Sharepoint", "FileService.Sharepoint\FileService.Sharepoint.csproj", "{8A9EFF14-B61E-4932-9F8E-D8D8D8874D0A}"
EndProject
Project("{2150E333-8FDC-42A3-9474-1A3956D46DE8}") = "Sql", "Sql", "{4FAC9CBE-EB57-4089-8086-1EBC59A96A82}"
	ProjectSection(SolutionItems) = preProject
		Sql\Db.sql = Sql\Db.sql
	EndProjectSection
EndProject
Project("{E24C65DC-7377-472B-9ABA-BC803B73C61A}") = "Hackathon2022", "http://localhost/Hackathon2022", "{5C7224D5-5D78-4E1F-A5A4-B11B7F70901D}"
	ProjectSection(WebsiteProperties) = preProject
		UseIISExpress = "false"
		TargetFrameworkMoniker = ".NETFramework,Version%3Dv4.8"
		Debug.AspNetCompiler.VirtualPath = "/Hackathon2022"
		Debug.AspNetCompiler.PhysicalPath = "..\..\..\Acumatica\Sites\Hackathon2022\"
		Debug.AspNetCompiler.TargetPath = "PrecompiledWeb\Hackathon2022\"
		Debug.AspNetCompiler.Updateable = "true"
		Debug.AspNetCompiler.ForceOverwrite = "true"
		Debug.AspNetCompiler.FixedNames = "false"
		Debug.AspNetCompiler.Debug = "True"
		Release.AspNetCompiler.VirtualPath = "/Hackathon2022"
		Release.AspNetCompiler.PhysicalPath = "..\..\..\Acumatica\Sites\Hackathon2022\"
		Release.AspNetCompiler.TargetPath = "PrecompiledWeb\Hackathon2022\"
		Release.AspNetCompiler.Updateable = "true"
		Release.AspNetCompiler.ForceOverwrite = "true"
		Release.AspNetCompiler.FixedNames = "false"
		Release.AspNetCompiler.Debug = "False"
		SlnRelativePath = "..\..\..\Acumatica\Sites\Hackathon2022\"
	EndProjectSection
EndProject
Global
	GlobalSection(SolutionConfigurationPlatforms) = preSolution
		Debug|Any CPU = Debug|Any CPU
		Release|Any CPU = Release|Any CPU
	EndGlobalSection
	GlobalSection(ProjectConfigurationPlatforms) = postSolution
		{AA70F829-BB1C-46B7-9927-484CB59B3380}.Debug|Any CPU.ActiveCfg = Debug|Any CPU
		{AA70F829-BB1C-46B7-9927-484CB59B3380}.Debug|Any CPU.Build.0 = Debug|Any CPU
		{AA70F829-BB1C-46B7-9927-484CB59B3380}.Release|Any CPU.ActiveCfg = Release|Any CPU
		{AA70F829-BB1C-46B7-9927-484CB59B3380}.Release|Any CPU.Build.0 = Release|Any CPU
		{8A9EFF14-B61E-4932-9F8E-D8D8D8874D0A}.Debug|Any CPU.ActiveCfg = Debug|Any CPU
		{8A9EFF14-B61E-4932-9F8E-D8D8D8874D0A}.Debug|Any CPU.Build.0 = Debug|Any CPU
		{8A9EFF14-B61E-4932-9F8E-D8D8D8874D0A}.Release|Any CPU.ActiveCfg = Release|Any CPU
		{8A9EFF14-B61E-4932-9F8E-D8D8D8874D0A}.Release|Any CPU.Build.0 = Release|Any CPU
		{5C7224D5-5D78-4E1F-A5A4-B11B7F70901D}.Debug|Any CPU.ActiveCfg = Debug|Any CPU
		{5C7224D5-5D78-4E1F-A5A4-B11B7F70901D}.Debug|Any CPU.Build.0 = Debug|Any CPU
		{5C7224D5-5D78-4E1F-A5A4-B11B7F70901D}.Release|Any CPU.ActiveCfg = Debug|Any CPU
		{5C7224D5-5D78-4E1F-A5A4-B11B7F70901D}.Release|Any CPU.Build.0 = Debug|Any CPU
	EndGlobalSection
	GlobalSection(SolutionProperties) = preSolution
		HideSolutionNode = FALSE
	EndGlobalSection
	GlobalSection(ExtensibilityGlobals) = postSolution
		SolutionGuid = {DEF35AE5-132F-4120-9CD0-FC46DC832F0F}
	EndGlobalSection
EndGlobal
